
Microsoft Visual Studio Solution File, Format Version 10.00
# Visual Studio 2008
Project("{FAE04EC0-301F-11D3-BF4B-00C04F79EFBC}") = "BusinessMatrix.TRXCLR.Common", "BusinessMatrix.TRXCLR.Common\BusinessMatrix.TRXCLR.Common.csproj", "{CE2DFF4D-5C78-4772-BC94-0B0CE1A52868}"
EndProject
Project("{FAE04EC0-301F-11D3-BF4B-00C04F79EFBC}") = "BusinessMatrix.TRXCLR.Forms", "BusinessMatrix.TRXCLR.Forms\BusinessMatrix.TRXCLR.Forms.csproj", "{FF9EF43A-9009-4177-8D0F-10F2D2EE53DC}"
EndProject
Project("{FAE04EC0-301F-11D3-BF4B-00C04F79EFBC}") = "BusinessMatrix.TRXCLR.Framework", "BusinessMatrix.TRXCLR.Framework\BusinessMatrix.TRXCLR.Framework.csproj", "{006FC2D8-9E2F-4F2D-92D9-B895540D339D}"
EndProject
Project("{FAE04EC0-301F-11D3-BF4B-00C04F79EFBC}") = "BusinessMatrix.TRXCLR.Main", "BusinessMatrix.TRXCLR.MainForm\BusinessMatrix.TRXCLR.Main.csproj", "{28B6E671-92AE-448D-AA23-1418E2161BC7}"
EndProject
Project("{FAE04EC0-301F-11D3-BF4B-00C04F79EFBC}") = "BusinessMatrix.TRXCLR.Model", "BusinessMatrix.TRXCLR.Model\BusinessMatrix.TRXCLR.Model.csproj", "{76370DF8-633E-4E54-AA99-92527BECCBF6}"
EndProject
Global
	GlobalSection(SolutionConfigurationPlatforms) = preSolution
		Debug|Any CPU = Debug|Any CPU
		Release|Any CPU = Release|Any CPU
	EndGlobalSection
	GlobalSection(ProjectConfigurationPlatforms) = postSolution
		{CE2DFF4D-5C78-4772-BC94-0B0CE1A52868}.Debug|Any CPU.ActiveCfg = Debug|Any CPU
		{CE2DFF4D-5C78-4772-BC94-0B0CE1A52868}.Debug|Any CPU.Build.0 = Debug|Any CPU
		{CE2DFF4D-5C78-4772-BC94-0B0CE1A52868}.Release|Any CPU.ActiveCfg = Release|Any CPU
		{CE2DFF4D-5C78-4772-BC94-0B0CE1A52868}.Release|Any CPU.Build.0 = Release|Any CPU
		{FF9EF43A-9009-4177-8D0F-10F2D2EE53DC}.Debug|Any CPU.ActiveCfg = Debug|Any CPU
		{FF9EF43A-9009-4177-8D0F-10F2D2EE53DC}.Debug|Any CPU.Build.0 = Debug|Any CPU
		{FF9EF43A-9009-4177-8D0F-10F2D2EE53DC}.Release|Any CPU.ActiveCfg = Release|Any CPU
		{FF9EF43A-9009-4177-8D0F-10F2D2EE53DC}.Release|Any CPU.Build.0 = Release|Any CPU
		{006FC2D8-9E2F-4F2D-92D9-B895540D339D}.Debug|Any CPU.ActiveCfg = Debug|Any CPU
		{006FC2D8-9E2F-4F2D-92D9-B895540D339D}.Debug|Any CPU.Build.0 = Debug|Any CPU
		{006FC2D8-9E2F-4F2D-92D9-B895540D339D}.Release|Any CPU.ActiveCfg = Release|Any CPU
		{006FC2D8-9E2F-4F2D-92D9-B895540D339D}.Release|Any CPU.Build.0 = Release|Any CPU
		{28B6E671-92AE-448D-AA23-1418E2161BC7}.Debug|Any CPU.ActiveCfg = Debug|Any CPU
		{28B6E671-92AE-448D-AA23-1418E2161BC7}.Debug|Any CPU.Build.0 = Debug|Any CPU
		{28B6E671-92AE-448D-AA23-1418E2161BC7}.Release|Any CPU.ActiveCfg = Release|Any CPU
		{28B6E671-92AE-448D-AA23-1418E2161BC7}.Release|Any CPU.Build.0 = Release|Any CPU
		{76370DF8-633E-4E54-AA99-92527BECCBF6}.Debug|Any CPU.ActiveCfg = Debug|Any CPU
		{76370DF8-633E-4E54-AA99-92527BECCBF6}.Debug|Any CPU.Build.0 = Debug|Any CPU
		{76370DF8-633E-4E54-AA99-92527BECCBF6}.Release|Any CPU.ActiveCfg = Release|Any CPU
		{76370DF8-633E-4E54-AA99-92527BECCBF6}.Release|Any CPU.Build.0 = Release|Any CPU
	EndGlobalSection
	GlobalSection(SolutionProperties) = preSolution
		HideSolutionNode = FALSE
	EndGlobalSection
EndGlobal
